
Microsoft Visual Studio Solution File, Format Version 12.00
# Visual Studio Version 16
VisualStudioVersion = 16.0.30907.101
MinimumVisualStudioVersion = 10.0.40219.1
Project("{FAE04EC0-301F-11D3-BF4B-00C04F79EFBC}") = "AlanHesaplama", "AlanHesaplama\AlanHesaplama.csproj", "{5216F80D-B5FC-4E99-8983-7F760CC693B2}"
EndProject
Global
	GlobalSection(SolutionConfigurationPlatforms) = preSolution
		Debug|Any CPU = Debug|Any CPU
		Release|Any CPU = Release|Any CPU
	EndGlobalSection
	GlobalSection(ProjectConfigurationPlatforms) = postSolution
		{5216F80D-B5FC-4E99-8983-7F760CC693B2}.Debug|Any CPU.ActiveCfg = Debug|Any CPU
		{5216F80D-B5FC-4E99-8983-7F760CC693B2}.Debug|Any CPU.Build.0 = Debug|Any CPU
		{5216F80D-B5FC-4E99-8983-7F760CC693B2}.Release|Any CPU.ActiveCfg = Release|Any CPU
		{5216F80D-B5FC-4E99-8983-7F760CC693B2}.Release|Any CPU.Build.0 = Release|Any CPU
	EndGlobalSection
	GlobalSection(SolutionProperties) = preSolution
		HideSolutionNode = FALSE
	EndGlobalSection
	GlobalSection(ExtensibilityGlobals) = postSolution
		SolutionGuid = {49A9824D-6F31-44F9-82E7-48926E98682D}
	EndGlobalSection
EndGlobal
